
Microsoft Visual Studio Solution File, Format Version 12.00
# Visual Studio Version 17
VisualStudioVersion = 17.6.33829.357
MinimumVisualStudioVersion = 10.0.40219.1
Project("{9A19103F-16F7-4668-BE54-9A1E7A4F7556}") = "MyAzureWebApp", "MyAzureWebApp.csproj", "{7870E1EC-828D-493E-B69B-6732D04CBC20}"
EndProject
Global
	GlobalSection(SolutionConfigurationPlatforms) = preSolution
		Debug|Any CPU = Debug|Any CPU
		Release|Any CPU = Release|Any CPU
	EndGlobalSection
	GlobalSection(ProjectConfigurationPlatforms) = postSolution
		{7870E1EC-828D-493E-B69B-6732D04CBC20}.Debug|Any CPU.ActiveCfg = Debug|Any CPU
		{7870E1EC-828D-493E-B69B-6732D04CBC20}.Debug|Any CPU.Build.0 = Debug|Any CPU
		{7870E1EC-828D-493E-B69B-6732D04CBC20}.Release|Any CPU.ActiveCfg = Release|Any CPU
		{7870E1EC-828D-493E-B69B-6732D04CBC20}.Release|Any CPU.Build.0 = Release|Any CPU
	EndGlobalSection
	GlobalSection(SolutionProperties) = preSolution
		HideSolutionNode = FALSE
	EndGlobalSection
	GlobalSection(ExtensibilityGlobals) = postSolution
		SolutionGuid = {6A102DF3-5489-4FBA-9D33-01A7BBBB5B0D}
	EndGlobalSection
EndGlobal
